// !$*UTF8*$!
{
	archiveVersion = 1;
	classes = {
	};
	objectVersion = 46;
	objects = {

/* Begin PBXBuildFile section */
		55A8E7AC206EF360008A8C30 /* Quesa.framework in Frameworks */ = {isa = PBXBuildFile; fileRef = BECB0EA50F361BD700EECDAB /* Quesa.framework */; };
		55A8E7AD206EF368008A8C30 /* Quesa.framework in Copy Private Frameworks */ = {isa = PBXBuildFile; fileRef = BECB0EA50F361BD700EECDAB /* Quesa.framework */; settings = {ATTRIBUTES = (CodeSignOnCopy, RemoveHeadersOnCopy, ); }; };
		55C976F9207144DB0063E5C6 /* AppDelegate.swift in Sources */ = {isa = PBXBuildFile; fileRef = 55C976F8207144DB0063E5C6 /* AppDelegate.swift */; };
		55C976FB207144DC0063E5C6 /* Assets.xcassets in Resources */ = {isa = PBXBuildFile; fileRef = 55C976FA207144DC0063E5C6 /* Assets.xcassets */; };
		55C976FE207144DC0063E5C6 /* MainMenu.xib in Resources */ = {isa = PBXBuildFile; fileRef = 55C976FC207144DC0063E5C6 /* MainMenu.xib */; };
		55C977052071451C0063E5C6 /* QD3DView.swift in Sources */ = {isa = PBXBuildFile; fileRef = 55C977042071451C0063E5C6 /* QD3DView.swift */; };
		55C97708207146250063E5C6 /* Quesa.framework in Frameworks */ = {isa = PBXBuildFile; fileRef = BECB0EA50F361BD700EECDAB /* Quesa.framework */; };
		55C97709207146250063E5C6 /* Quesa.framework in Embed Frameworks */ = {isa = PBXBuildFile; fileRef = BECB0EA50F361BD700EECDAB /* Quesa.framework */; settings = {ATTRIBUTES = (CodeSignOnCopy, RemoveHeadersOnCopy, ); }; };
		BE1352920C3C14F400B20B60 /* DemoController.h in Headers */ = {isa = PBXBuildFile; fileRef = 17327D4CFF18F4807F000001 /* DemoController.h */; };
		BE1352930C3C14F400B20B60 /* DemoGeometry.h in Headers */ = {isa = PBXBuildFile; fileRef = 1E8954ACFF1927E77F000001 /* DemoGeometry.h */; };
		BE1352940C3C14F400B20B60 /* Quesa3DView.h in Headers */ = {isa = PBXBuildFile; fileRef = 2179FF0AFF19522C7F000001 /* Quesa3DView.h */; };
		BE1352950C3C14F400B20B60 /* QuesaCocoaUtil.h in Headers */ = {isa = PBXBuildFile; fileRef = 2D6A02D3FF1986E17F000001 /* QuesaCocoaUtil.h */; };
		BE1352970C3C14F400B20B60 /* MainMenu.nib in Resources */ = {isa = PBXBuildFile; fileRef = 29B97318FDCFA39411CA2CEA /* MainMenu.nib */; };
		BE1352980C3C14F400B20B60 /* InfoPlist.strings in Resources */ = {isa = PBXBuildFile; fileRef = 089C165CFE840E0CC02AAC07 /* InfoPlist.strings */; };
		BE13529A0C3C14F400B20B60 /* main.m in Sources */ = {isa = PBXBuildFile; fileRef = 29B97316FDCFA39411CA2CEA /* main.m */; settings = {ATTRIBUTES = (); }; };
		BE13529B0C3C14F400B20B60 /* DemoController.mm in Sources */ = {isa = PBXBuildFile; fileRef = 17327D4BFF18F4807F000001 /* DemoController.mm */; settings = {ATTRIBUTES = (); }; };
		BE13529C0C3C14F400B20B60 /* DemoGeometry.m in Sources */ = {isa = PBXBuildFile; fileRef = 1E8954AAFF19270E7F000001 /* DemoGeometry.m */; settings = {ATTRIBUTES = (); }; };
		BE13529D0C3C14F400B20B60 /* Quesa3DView.m in Sources */ = {isa = PBXBuildFile; fileRef = 2179FF09FF19522C7F000001 /* Quesa3DView.m */; settings = {ATTRIBUTES = (); }; };
		BE13529E0C3C14F400B20B60 /* QuesaCocoaUtil.m in Sources */ = {isa = PBXBuildFile; fileRef = 2D6A02D4FF1986E17F000001 /* QuesaCocoaUtil.m */; settings = {ATTRIBUTES = (); }; };
		BE703B83132D6BC800C0056D /* OpenGL.framework in Frameworks */ = {isa = PBXBuildFile; fileRef = BE703B82132D6BC800C0056D /* OpenGL.framework */; };
		BE703B8C132D6BDB00C0056D /* Cocoa.framework in Frameworks */ = {isa = PBXBuildFile; fileRef = BE703B8B132D6BDB00C0056D /* Cocoa.framework */; };
/* End PBXBuildFile section */

/* Begin PBXContainerItemProxy section */
		55A8E7A9206EF21D008A8C30 /* PBXContainerItemProxy */ = {
			isa = PBXContainerItemProxy;
			containerPortal = BEFFD85D0C4C8C9000202EA8 /* Quesa.xcodeproj */;
			proxyType = 1;
			remoteGlobalIDString = 8D07F2BC0486CC7A007CD1D0;
			remoteInfo = Framework;
		};
		55C9770A207146250063E5C6 /* PBXContainerItemProxy */ = {
			isa = PBXContainerItemProxy;
			containerPortal = BEFFD85D0C4C8C9000202EA8 /* Quesa.xcodeproj */;
			proxyType = 1;
			remoteGlobalIDString = 8D07F2BC0486CC7A007CD1D0;
			remoteInfo = Framework;
		};
		BECB0EA40F361BD700EECDAB /* PBXContainerItemProxy */ = {
			isa = PBXContainerItemProxy;
			containerPortal = BEFFD85D0C4C8C9000202EA8 /* Quesa.xcodeproj */;
			proxyType = 2;
			remoteGlobalIDString = 8D07F2C80486CC7A007CD1D0;
			remoteInfo = Framework;
		};
		BECB0EA60F361BD700EECDAB /* PBXContainerItemProxy */ = {
			isa = PBXContainerItemProxy;
			containerPortal = BEFFD85D0C4C8C9000202EA8 /* Quesa.xcodeproj */;
			proxyType = 2;
			remoteGlobalIDString = B1756AFF080A71C30056134C;
			remoteInfo = "Static Library";
		};
/* End PBXContainerItemProxy section */

/* Begin PBXCopyFilesBuildPhase section */
		55C9770C207146250063E5C6 /* Embed Frameworks */ = {
			isa = PBXCopyFilesBuildPhase;
			buildActionMask = 2147483647;
			dstPath = "";
			dstSubfolderSpec = 10;
			files = (
				55C97709207146250063E5C6 /* Quesa.framework in Embed Frameworks */,
			);
			name = "Embed Frameworks";
			runOnlyForDeploymentPostprocessing = 0;
		};
		BE1353040C3C17E700B20B60 /* Copy Private Frameworks */ = {
			isa = PBXCopyFilesBuildPhase;
			buildActionMask = 2147483647;
			dstPath = "";
			dstSubfolderSpec = 10;
			files = (
				55A8E7AD206EF368008A8C30 /* Quesa.framework in Copy Private Frameworks */,
			);
			name = "Copy Private Frameworks";
			runOnlyForDeploymentPostprocessing = 0;
		};
/* End PBXCopyFilesBuildPhase section */

/* Begin PBXFileReference section */
		089C165DFE840E0CC02AAC07 /* English */ = {isa = PBXFileReference; fileEncoding = 4; lastKnownFileType = text.plist.strings; name = English; path = English.lproj/InfoPlist.strings; sourceTree = "<group>"; };
		17327D4BFF18F4807F000001 /* DemoController.mm */ = {isa = PBXFileReference; lastKnownFileType = sourcecode.cpp.objcpp; path = DemoController.mm; sourceTree = "<group>"; };
		17327D4CFF18F4807F000001 /* DemoController.h */ = {isa = PBXFileReference; lastKnownFileType = sourcecode.c.h; path = DemoController.h; sourceTree = "<group>"; };
		1E8954AAFF19270E7F000001 /* DemoGeometry.m */ = {isa = PBXFileReference; lastKnownFileType = sourcecode.c.objc; path = DemoGeometry.m; sourceTree = "<group>"; };
		1E8954ACFF1927E77F000001 /* DemoGeometry.h */ = {isa = PBXFileReference; lastKnownFileType = sourcecode.c.h; path = DemoGeometry.h; sourceTree = "<group>"; };
		2179FF09FF19522C7F000001 /* Quesa3DView.m */ = {isa = PBXFileReference; lastKnownFileType = sourcecode.c.objc; path = Quesa3DView.m; sourceTree = "<group>"; };
		2179FF0AFF19522C7F000001 /* Quesa3DView.h */ = {isa = PBXFileReference; lastKnownFileType = sourcecode.c.h; path = Quesa3DView.h; sourceTree = "<group>"; };
		29B97316FDCFA39411CA2CEA /* main.m */ = {isa = PBXFileReference; lastKnownFileType = sourcecode.c.objc; path = main.m; sourceTree = "<group>"; };
		29B97319FDCFA39411CA2CEA /* English */ = {isa = PBXFileReference; lastKnownFileType = wrapper.nib; name = English; path = English.lproj/MainMenu.nib; sourceTree = "<group>"; };
		2D6A02D3FF1986E17F000001 /* QuesaCocoaUtil.h */ = {isa = PBXFileReference; lastKnownFileType = sourcecode.c.h; path = QuesaCocoaUtil.h; sourceTree = "<group>"; };
		2D6A02D4FF1986E17F000001 /* QuesaCocoaUtil.m */ = {isa = PBXFileReference; lastKnownFileType = sourcecode.c.objc; path = QuesaCocoaUtil.m; sourceTree = "<group>"; };
		55C976F6207144DB0063E5C6 /* SwiftStereo.app */ = {isa = PBXFileReference; explicitFileType = wrapper.application; includeInIndex = 0; path = SwiftStereo.app; sourceTree = BUILT_PRODUCTS_DIR; };
		55C976F8207144DB0063E5C6 /* AppDelegate.swift */ = {isa = PBXFileReference; lastKnownFileType = sourcecode.swift; path = AppDelegate.swift; sourceTree = "<group>"; };
		55C976FA207144DC0063E5C6 /* Assets.xcassets */ = {isa = PBXFileReference; lastKnownFileType = folder.assetcatalog; path = Assets.xcassets; sourceTree = "<group>"; };
		55C976FD207144DC0063E5C6 /* Base */ = {isa = PBXFileReference; lastKnownFileType = file.xib; name = Base; path = Base.lproj/MainMenu.xib; sourceTree = "<group>"; };
		55C976FF207144DC0063E5C6 /* Info.plist */ = {isa = PBXFileReference; lastKnownFileType = text.plist.xml; path = Info.plist; sourceTree = "<group>"; };
		55C97700207144DC0063E5C6 /* SwiftStereo.entitlements */ = {isa = PBXFileReference; lastKnownFileType = text.plist.entitlements; path = SwiftStereo.entitlements; sourceTree = "<group>"; };
		55C977042071451C0063E5C6 /* QD3DView.swift */ = {isa = PBXFileReference; lastKnownFileType = sourcecode.swift; path = QD3DView.swift; sourceTree = "<group>"; };
		BE1352A80C3C14F400B20B60 /* StereoDemo.app */ = {isa = PBXFileReference; explicitFileType = wrapper.application; includeInIndex = 0; path = StereoDemo.app; sourceTree = BUILT_PRODUCTS_DIR; };
		BE13530F0C3C190300B20B60 /* project.xcconfig */ = {isa = PBXFileReference; fileEncoding = 4; lastKnownFileType = text.xcconfig; path = project.xcconfig; sourceTree = "<group>"; };
		BE1353140C3C1B9E00B20B60 /* Info-Quesa3DView.plist */ = {isa = PBXFileReference; fileEncoding = 30; lastKnownFileType = text.plist.xml; path = "Info-Quesa3DView.plist"; sourceTree = "<group>"; };
		BE703B82132D6BC800C0056D /* OpenGL.framework */ = {isa = PBXFileReference; lastKnownFileType = wrapper.framework; name = OpenGL.framework; path = System/Library/Frameworks/OpenGL.framework; sourceTree = SDKROOT; };
		BE703B8B132D6BDB00C0056D /* Cocoa.framework */ = {isa = PBXFileReference; lastKnownFileType = wrapper.framework; name = Cocoa.framework; path = System/Library/Frameworks/Cocoa.framework; sourceTree = SDKROOT; };
		BEFFD85D0C4C8C9000202EA8 /* Quesa.xcodeproj */ = {isa = PBXFileReference; lastKnownFileType = "wrapper.pb-project"; name = Quesa.xcodeproj; path = ../../../Development/Projects/Mac/Quesa.xcodeproj; sourceTree = SOURCE_ROOT; };
/* End PBXFileReference section */

/* Begin PBXFrameworksBuildPhase section */
		55C976F3207144DB0063E5C6 /* Frameworks */ = {
			isa = PBXFrameworksBuildPhase;
			buildActionMask = 2147483647;
			files = (
				55C97708207146250063E5C6 /* Quesa.framework in Frameworks */,
			);
			runOnlyForDeploymentPostprocessing = 0;
		};
		BE13529F0C3C14F400B20B60 /* Frameworks */ = {
			isa = PBXFrameworksBuildPhase;
			buildActionMask = 2147483647;
			files = (
				55A8E7AC206EF360008A8C30 /* Quesa.framework in Frameworks */,
				BE703B83132D6BC800C0056D /* OpenGL.framework in Frameworks */,
				BE703B8C132D6BDB00C0056D /* Cocoa.framework in Frameworks */,
			);
			runOnlyForDeploymentPostprocessing = 0;
		};
/* End PBXFrameworksBuildPhase section */

/* Begin PBXGroup section */
		080E96DDFE201D6D7F000001 /* Classes */ = {
			isa = PBXGroup;
			children = (
				17327D4CFF18F4807F000001 /* DemoController.h */,
				17327D4BFF18F4807F000001 /* DemoController.mm */,
				1E8954ACFF1927E77F000001 /* DemoGeometry.h */,
				1E8954AAFF19270E7F000001 /* DemoGeometry.m */,
				2D6A02D3FF1986E17F000001 /* QuesaCocoaUtil.h */,
				2D6A02D4FF1986E17F000001 /* QuesaCocoaUtil.m */,
			);
			name = Classes;
			sourceTree = SOURCE_ROOT;
		};
		1058C7A0FEA54F0111CA2CBB /* Linked Frameworks */ = {
			isa = PBXGroup;
			children = (
				BE703B82132D6BC800C0056D /* OpenGL.framework */,
				BE703B8B132D6BDB00C0056D /* Cocoa.framework */,
			);
			name = "Linked Frameworks";
			sourceTree = "<group>";
		};
		19C28FACFE9D520D11CA2CBB /* Products */ = {
			isa = PBXGroup;
			children = (
				BE1352A80C3C14F400B20B60 /* StereoDemo.app */,
				55C976F6207144DB0063E5C6 /* SwiftStereo.app */,
			);
			name = Products;
			sourceTree = "<group>";
		};
		29B97314FDCFA39411CA2CEA /* CocoaApp */ = {
			isa = PBXGroup;
			children = (
				BE13530F0C3C190300B20B60 /* project.xcconfig */,
				33CEB99E0055FFC57F000001 /* Demo App */,
				33CEB9A00055FFC57F000001 /* Quesa3DView */,
				55C976F7207144DB0063E5C6 /* SwiftStereo */,
				29B97323FDCFA39411CA2CEA /* Frameworks */,
				BE13535F0C3C218B00B20B60 /* Projects */,
				19C28FACFE9D520D11CA2CBB /* Products */,
			);
			name = CocoaApp;
			sourceTree = "<group>";
		};
		29B97315FDCFA39411CA2CEA /* Other Sources */ = {
			isa = PBXGroup;
			children = (
				29B97316FDCFA39411CA2CEA /* main.m */,
			);
			name = "Other Sources";
			sourceTree = "<group>";
		};
		29B97317FDCFA39411CA2CEA /* Resources */ = {
			isa = PBXGroup;
			children = (
				BE1353140C3C1B9E00B20B60 /* Info-Quesa3DView.plist */,
				29B97318FDCFA39411CA2CEA /* MainMenu.nib */,
				089C165CFE840E0CC02AAC07 /* InfoPlist.strings */,
			);
			name = Resources;
			sourceTree = "<group>";
		};
		29B97323FDCFA39411CA2CEA /* Frameworks */ = {
			isa = PBXGroup;
			children = (
				1058C7A0FEA54F0111CA2CBB /* Linked Frameworks */,
			);
			name = Frameworks;
			sourceTree = "<group>";
		};
		33CEB99E0055FFC57F000001 /* Demo App */ = {
			isa = PBXGroup;
			children = (
				29B97315FDCFA39411CA2CEA /* Other Sources */,
				080E96DDFE201D6D7F000001 /* Classes */,
				29B97317FDCFA39411CA2CEA /* Resources */,
			);
			name = "Demo App";
			sourceTree = "<group>";
		};
		33CEB9A00055FFC57F000001 /* Quesa3DView */ = {
			isa = PBXGroup;
			children = (
				2179FF0AFF19522C7F000001 /* Quesa3DView.h */,
				2179FF09FF19522C7F000001 /* Quesa3DView.m */,
			);
			name = Quesa3DView;
			sourceTree = "<group>";
		};
		55C976F7207144DB0063E5C6 /* SwiftStereo */ = {
			isa = PBXGroup;
			children = (
				55C976F8207144DB0063E5C6 /* AppDelegate.swift */,
				55C976FA207144DC0063E5C6 /* Assets.xcassets */,
				55C976FC207144DC0063E5C6 /* MainMenu.xib */,
				55C976FF207144DC0063E5C6 /* Info.plist */,
				55C97700207144DC0063E5C6 /* SwiftStereo.entitlements */,
				55C977042071451C0063E5C6 /* QD3DView.swift */,
			);
			path = SwiftStereo;
			sourceTree = "<group>";
		};
		BE13535F0C3C218B00B20B60 /* Projects */ = {
			isa = PBXGroup;
			children = (
				BEFFD85D0C4C8C9000202EA8 /* Quesa.xcodeproj */,
			);
			name = Projects;
			sourceTree = "<group>";
		};
		BECB0EA00F361BD700EECDAB /* Products */ = {
			isa = PBXGroup;
			children = (
				BECB0EA50F361BD700EECDAB /* Quesa.framework */,
				BECB0EA70F361BD700EECDAB /* libQuesa.a */,
			);
			name = Products;
			sourceTree = "<group>";
		};
/* End PBXGroup section */

/* Begin PBXHeadersBuildPhase section */
		BE1352910C3C14F400B20B60 /* Headers */ = {
			isa = PBXHeadersBuildPhase;
			buildActionMask = 2147483647;
			files = (
				BE1352920C3C14F400B20B60 /* DemoController.h in Headers */,
				BE1352930C3C14F400B20B60 /* DemoGeometry.h in Headers */,
				BE1352940C3C14F400B20B60 /* Quesa3DView.h in Headers */,
				BE1352950C3C14F400B20B60 /* QuesaCocoaUtil.h in Headers */,
			);
			runOnlyForDeploymentPostprocessing = 0;
		};
/* End PBXHeadersBuildPhase section */

/* Begin PBXNativeTarget section */
		55C976F5207144DB0063E5C6 /* SwiftStereo */ = {
			isa = PBXNativeTarget;
			buildConfigurationList = 55C97701207144DC0063E5C6 /* Build configuration list for PBXNativeTarget "SwiftStereo" */;
			buildPhases = (
				55C976F2207144DB0063E5C6 /* Sources */,
				55C976F3207144DB0063E5C6 /* Frameworks */,
				55C976F4207144DB0063E5C6 /* Resources */,
				55C9770C207146250063E5C6 /* Embed Frameworks */,
			);
			buildRules = (
			);
			dependencies = (
				55C9770B207146250063E5C6 /* PBXTargetDependency */,
			);
			name = SwiftStereo;
			productName = SwiftStereo;
			productReference = 55C976F6207144DB0063E5C6 /* SwiftStereo.app */;
			productType = "com.apple.product-type.application";
		};
		BE1352900C3C14F400B20B60 /* StereoView */ = {
			isa = PBXNativeTarget;
			buildConfigurationList = BE1352A30C3C14F400B20B60 /* Build configuration list for PBXNativeTarget "StereoView" */;
			buildPhases = (
				BE1352910C3C14F400B20B60 /* Headers */,
				BE1352960C3C14F400B20B60 /* Resources */,
				BE1352990C3C14F400B20B60 /* Sources */,
				BE13529F0C3C14F400B20B60 /* Frameworks */,
				BE1353040C3C17E700B20B60 /* Copy Private Frameworks */,
			);
			buildRules = (
			);
			dependencies = (
				55A8E7AA206EF21D008A8C30 /* PBXTargetDependency */,
			);
			name = StereoView;
			productInstallPath = "$(HOME)/Applications";
			productName = QuesaCocoaTest;
			productReference = BE1352A80C3C14F400B20B60 /* StereoDemo.app */;
			productType = "com.apple.product-type.application";
		};
/* End PBXNativeTarget section */

/* Begin PBXProject section */
		29B97313FDCFA39411CA2CEA /* Project object */ = {
			isa = PBXProject;
			attributes = {
				LastSwiftUpdateCheck = 0930;
				LastUpgradeCheck = 0930;
				TargetAttributes = {
					55C976F5207144DB0063E5C6 = {
						CreatedOnToolsVersion = 9.3;
						ProvisioningStyle = Manual;
						SystemCapabilities = {
							com.apple.Sandbox = {
								enabled = 0;
							};
						};
					};
				};
			};
			buildConfigurationList = B1FFA3480906B1A30010DA99 /* Build configuration list for PBXProject "StereoDemo" */;
			compatibilityVersion = "Xcode 3.2";
			developmentRegion = English;
			hasScannedForEncodings = 0;
			knownRegions = (
				English,
				Japanese,
				French,
				German,
				Base,
			);
			mainGroup = 29B97314FDCFA39411CA2CEA /* CocoaApp */;
			projectDirPath = "";
			projectReferences = (
				{
					ProductGroup = BECB0EA00F361BD700EECDAB /* Products */;
					ProjectRef = BEFFD85D0C4C8C9000202EA8 /* Quesa.xcodeproj */;
				},
			);
			projectRoot = "";
			targets = (
				BE1352900C3C14F400B20B60 /* StereoView */,
				55C976F5207144DB0063E5C6 /* SwiftStereo */,
			);
		};
/* End PBXProject section */

/* Begin PBXReferenceProxy section */
		BECB0EA50F361BD700EECDAB /* Quesa.framework */ = {
			isa = PBXReferenceProxy;
			fileType = wrapper.framework;
			path = Quesa.framework;
			remoteRef = BECB0EA40F361BD700EECDAB /* PBXContainerItemProxy */;
			sourceTree = BUILT_PRODUCTS_DIR;
		};
		BECB0EA70F361BD700EECDAB /* libQuesa.a */ = {
			isa = PBXReferenceProxy;
			fileType = archive.ar;
			path = libQuesa.a;
			remoteRef = BECB0EA60F361BD700EECDAB /* PBXContainerItemProxy */;
			sourceTree = BUILT_PRODUCTS_DIR;
		};
/* End PBXReferenceProxy section */

/* Begin PBXResourcesBuildPhase section */
		55C976F4207144DB0063E5C6 /* Resources */ = {
			isa = PBXResourcesBuildPhase;
			buildActionMask = 2147483647;
			files = (
				55C976FB207144DC0063E5C6 /* Assets.xcassets in Resources */,
				55C976FE207144DC0063E5C6 /* MainMenu.xib in Resources */,
			);
			runOnlyForDeploymentPostprocessing = 0;
		};
		BE1352960C3C14F400B20B60 /* Resources */ = {
			isa = PBXResourcesBuildPhase;
			buildActionMask = 2147483647;
			files = (
				BE1352970C3C14F400B20B60 /* MainMenu.nib in Resources */,
				BE1352980C3C14F400B20B60 /* InfoPlist.strings in Resources */,
			);
			runOnlyForDeploymentPostprocessing = 0;
		};
/* End PBXResourcesBuildPhase section */

/* Begin PBXSourcesBuildPhase section */
		55C976F2207144DB0063E5C6 /* Sources */ = {
			isa = PBXSourcesBuildPhase;
			buildActionMask = 2147483647;
			files = (
				55C977052071451C0063E5C6 /* QD3DView.swift in Sources */,
				55C976F9207144DB0063E5C6 /* AppDelegate.swift in Sources */,
			);
			runOnlyForDeploymentPostprocessing = 0;
		};
		BE1352990C3C14F400B20B60 /* Sources */ = {
			isa = PBXSourcesBuildPhase;
			buildActionMask = 2147483647;
			files = (
				BE13529A0C3C14F400B20B60 /* main.m in Sources */,
				BE13529B0C3C14F400B20B60 /* DemoController.mm in Sources */,
				BE13529C0C3C14F400B20B60 /* DemoGeometry.m in Sources */,
				BE13529D0C3C14F400B20B60 /* Quesa3DView.m in Sources */,
				BE13529E0C3C14F400B20B60 /* QuesaCocoaUtil.m in Sources */,
			);
			runOnlyForDeploymentPostprocessing = 0;
		};
/* End PBXSourcesBuildPhase section */

/* Begin PBXTargetDependency section */
		55A8E7AA206EF21D008A8C30 /* PBXTargetDependency */ = {
			isa = PBXTargetDependency;
			name = Framework;
			targetProxy = 55A8E7A9206EF21D008A8C30 /* PBXContainerItemProxy */;
		};
		55C9770B207146250063E5C6 /* PBXTargetDependency */ = {
			isa = PBXTargetDependency;
			name = Framework;
			targetProxy = 55C9770A207146250063E5C6 /* PBXContainerItemProxy */;
		};
/* End PBXTargetDependency section */

/* Begin PBXVariantGroup section */
		089C165CFE840E0CC02AAC07 /* InfoPlist.strings */ = {
			isa = PBXVariantGroup;
			children = (
				089C165DFE840E0CC02AAC07 /* English */,
			);
			name = InfoPlist.strings;
			sourceTree = "<group>";
		};
		29B97318FDCFA39411CA2CEA /* MainMenu.nib */ = {
			isa = PBXVariantGroup;
			children = (
				29B97319FDCFA39411CA2CEA /* English */,
			);
			name = MainMenu.nib;
			sourceTree = "<group>";
		};
		55C976FC207144DC0063E5C6 /* MainMenu.xib */ = {
			isa = PBXVariantGroup;
			children = (
				55C976FD207144DC0063E5C6 /* Base */,
			);
			name = MainMenu.xib;
			sourceTree = "<group>";
		};
/* End PBXVariantGroup section */

/* Begin XCBuildConfiguration section */
		55C97702207144DC0063E5C6 /* Debug */ = {
			isa = XCBuildConfiguration;
			buildSettings = {
				ASSETCATALOG_COMPILER_APPICON_NAME = AppIcon;
				CLANG_CXX_LANGUAGE_STANDARD = "gnu++14";
				CLANG_CXX_LIBRARY = "libc++";
				CLANG_ENABLE_MODULES = YES;
				CLANG_ENABLE_OBJC_ARC = YES;
				CLANG_ENABLE_OBJC_WEAK = YES;
				CLANG_WARN_DIRECT_OBJC_ISA_USAGE = YES_ERROR;
				CLANG_WARN_DOCUMENTATION_COMMENTS = YES;
				CLANG_WARN_OBJC_ROOT_CLASS = YES_ERROR;
				CLANG_WARN_UNGUARDED_AVAILABILITY = YES_AGGRESSIVE;
				CODE_SIGN_IDENTITY = "";
				CODE_SIGN_STYLE = Manual;
				COMBINE_HIDPI_IMAGES = YES;
				DEVELOPMENT_TEAM = "";
				GCC_C_LANGUAGE_STANDARD = gnu11;
				GCC_DYNAMIC_NO_PIC = NO;
				GCC_PREPROCESSOR_DEFINITIONS = (
					"DEBUG=1",
					"$(inherited)",
				);
				GCC_WARN_ABOUT_RETURN_TYPE = YES_ERROR;
				GCC_WARN_UNINITIALIZED_AUTOS = YES_AGGRESSIVE;
				INFOPLIST_FILE = SwiftStereo/Info.plist;
				LD_RUNPATH_SEARCH_PATHS = "$(inherited) @executable_path/../Frameworks";
				PRODUCT_BUNDLE_IDENTIFIER = com.github.maddthesane.SwiftStereo;
				PRODUCT_NAME = "$(TARGET_NAME)";
				PROVISIONING_PROFILE_SPECIFIER = "";
				SDKROOT = macosx;
				SWIFT_ACTIVE_COMPILATION_CONDITIONS = DEBUG;
				SWIFT_VERSION = 4.2;
			};
			name = Debug;
		};
		55C97703207144DC0063E5C6 /* Release */ = {
			isa = XCBuildConfiguration;
			buildSettings = {
				ASSETCATALOG_COMPILER_APPICON_NAME = AppIcon;
				CLANG_CXX_LANGUAGE_STANDARD = "gnu++14";
				CLANG_CXX_LIBRARY = "libc++";
				CLANG_ENABLE_MODULES = YES;
				CLANG_ENABLE_OBJC_ARC = YES;
				CLANG_ENABLE_OBJC_WEAK = YES;
				CLANG_WARN_DIRECT_OBJC_ISA_USAGE = YES_ERROR;
				CLANG_WARN_DOCUMENTATION_COMMENTS = YES;
				CLANG_WARN_OBJC_ROOT_CLASS = YES_ERROR;
				CLANG_WARN_UNGUARDED_AVAILABILITY = YES_AGGRESSIVE;
				CODE_SIGN_IDENTITY = "";
				CODE_SIGN_STYLE = Manual;
				COMBINE_HIDPI_IMAGES = YES;
				COPY_PHASE_STRIP = NO;
				DEVELOPMENT_TEAM = "";
				ENABLE_NS_ASSERTIONS = NO;
				GCC_C_LANGUAGE_STANDARD = gnu11;
				GCC_WARN_ABOUT_RETURN_TYPE = YES_ERROR;
				GCC_WARN_UNINITIALIZED_AUTOS = YES_AGGRESSIVE;
				INFOPLIST_FILE = SwiftStereo/Info.plist;
				LD_RUNPATH_SEARCH_PATHS = "$(inherited) @executable_path/../Frameworks";
				PRODUCT_BUNDLE_IDENTIFIER = com.github.maddthesane.SwiftStereo;
				PRODUCT_NAME = "$(TARGET_NAME)";
				PROVISIONING_PROFILE_SPECIFIER = "";
				SDKROOT = macosx;
				SWIFT_VERSION = 4.2;
			};
			name = Release;
		};
		B1FFA3490906B1A30010DA99 /* Debug */ = {
			isa = XCBuildConfiguration;
			baseConfigurationReference = BE13530F0C3C190300B20B60 /* project.xcconfig */;
			buildSettings = {
				ALWAYS_SEARCH_USER_PATHS = NO;
				CLANG_ANALYZER_LOCALIZABILITY_NONLOCALIZED = YES;
				CLANG_ANALYZER_NONNULL = YES;
				CLANG_ANALYZER_NUMBER_OBJECT_CONVERSION = YES_AGGRESSIVE;
				CLANG_WARN_BLOCK_CAPTURE_AUTORELEASING = YES;
				CLANG_WARN_BOOL_CONVERSION = YES;
				CLANG_WARN_COMMA = YES;
				CLANG_WARN_CONSTANT_CONVERSION = YES;
				CLANG_WARN_DEPRECATED_OBJC_IMPLEMENTATIONS = YES;
				CLANG_WARN_EMPTY_BODY = YES;
				CLANG_WARN_ENUM_CONVERSION = YES;
				CLANG_WARN_INFINITE_RECURSION = YES;
				CLANG_WARN_INT_CONVERSION = YES;
				CLANG_WARN_NON_LITERAL_NULL_CONVERSION = YES;
				CLANG_WARN_OBJC_IMPLICIT_RETAIN_SELF = YES;
				CLANG_WARN_OBJC_LITERAL_CONVERSION = YES;
				CLANG_WARN_RANGE_LOOP_ANALYSIS = YES;
				CLANG_WARN_STRICT_PROTOTYPES = YES;
				CLANG_WARN_SUSPICIOUS_MOVE = YES;
				CLANG_WARN_UNREACHABLE_CODE = YES;
				CLANG_WARN__DUPLICATE_METHOD_MATCH = YES;
				COPY_PHASE_STRIP = NO;
				ENABLE_STRICT_OBJC_MSGSEND = YES;
				ENABLE_TESTABILITY = YES;
				GCC_NO_COMMON_BLOCKS = YES;
				GCC_OPTIMIZATION_LEVEL = 0;
				GCC_PREPROCESSOR_DEFINITIONS = (
					"$(GCC_PREPROCESSOR_DEFINITIONS)",
					"Q3_DEBUG=1",
				);
				GCC_WARN_64_TO_32_BIT_CONVERSION = YES;
				GCC_WARN_ABOUT_RETURN_TYPE = YES;
				GCC_WARN_UNDECLARED_SELECTOR = YES;
				GCC_WARN_UNINITIALIZED_AUTOS = YES;
				GCC_WARN_UNUSED_FUNCTION = YES;
				GCC_WARN_UNUSED_VARIABLE = YES;
				MACOSX_DEPLOYMENT_TARGET = 10.9;
				MTL_ENABLE_DEBUG_INFO = YES;
				ONLY_ACTIVE_ARCH = YES;
				SWIFT_OPTIMIZATION_LEVEL = "-Onone";
			};
			name = Debug;
		};
		B1FFA34A0906B1A30010DA99 /* Release */ = {
			isa = XCBuildConfiguration;
			baseConfigurationReference = BE13530F0C3C190300B20B60 /* project.xcconfig */;
			buildSettings = {
				ALWAYS_SEARCH_USER_PATHS = NO;
				CLANG_ANALYZER_LOCALIZABILITY_NONLOCALIZED = YES;
				CLANG_ANALYZER_NONNULL = YES;
				CLANG_ANALYZER_NUMBER_OBJECT_CONVERSION = YES_AGGRESSIVE;
				CLANG_WARN_BLOCK_CAPTURE_AUTORELEASING = YES;
				CLANG_WARN_BOOL_CONVERSION = YES;
				CLANG_WARN_COMMA = YES;
				CLANG_WARN_CONSTANT_CONVERSION = YES;
				CLANG_WARN_DEPRECATED_OBJC_IMPLEMENTATIONS = YES;
				CLANG_WARN_EMPTY_BODY = YES;
				CLANG_WARN_ENUM_CONVERSION = YES;
				CLANG_WARN_INFINITE_RECURSION = YES;
				CLANG_WARN_INT_CONVERSION = YES;
				CLANG_WARN_NON_LITERAL_NULL_CONVERSION = YES;
				CLANG_WARN_OBJC_IMPLICIT_RETAIN_SELF = YES;
				CLANG_WARN_OBJC_LITERAL_CONVERSION = YES;
				CLANG_WARN_RANGE_LOOP_ANALYSIS = YES;
				CLANG_WARN_STRICT_PROTOTYPES = YES;
				CLANG_WARN_SUSPICIOUS_MOVE = YES;
				CLANG_WARN_UNREACHABLE_CODE = YES;
				CLANG_WARN__DUPLICATE_METHOD_MATCH = YES;
				DEBUG_INFORMATION_FORMAT = "dwarf-with-dsym";
				ENABLE_STRICT_OBJC_MSGSEND = YES;
				GCC_NO_COMMON_BLOCKS = YES;
				GCC_WARN_64_TO_32_BIT_CONVERSION = YES;
				GCC_WARN_ABOUT_RETURN_TYPE = YES;
				GCC_WARN_UNDECLARED_SELECTOR = YES;
				GCC_WARN_UNINITIALIZED_AUTOS = YES;
				GCC_WARN_UNUSED_FUNCTION = YES;
				GCC_WARN_UNUSED_VARIABLE = YES;
				MACOSX_DEPLOYMENT_TARGET = 10.9;
				MTL_ENABLE_DEBUG_INFO = NO;
				SWIFT_OPTIMIZATION_LEVEL = "-Owholemodule";
			};
			name = Release;
		};
		BE1352A40C3C14F400B20B60 /* Debug */ = {
			isa = XCBuildConfiguration;
			buildSettings = {
				CLANG_ENABLE_MODULES = YES;
				CLANG_ENABLE_OBJC_WEAK = YES;
				WARNING_CFLAGS = (
					"-Wmost",
					"-Wno-four-char-constants",
					"-Wno-unknown-pragmas",
				);
			};
			name = Debug;
		};
		BE1352A50C3C14F400B20B60 /* Release */ = {
			isa = XCBuildConfiguration;
			buildSettings = {
				CLANG_ENABLE_MODULES = YES;
				CLANG_ENABLE_OBJC_WEAK = YES;
			};
			name = Release;
		};
/* End XCBuildConfiguration section */

/* Begin XCConfigurationList section */
		55C97701207144DC0063E5C6 /* Build configuration list for PBXNativeTarget "SwiftStereo" */ = {
			isa = XCConfigurationList;
			buildConfigurations = (
				55C97702207144DC0063E5C6 /* Debug */,
				55C97703207144DC0063E5C6 /* Release */,
			);
			defaultConfigurationIsVisible = 0;
			defaultConfigurationName = Release;
		};
		B1FFA3480906B1A30010DA99 /* Build configuration list for PBXProject "StereoDemo" */ = {
			isa = XCConfigurationList;
			buildConfigurations = (
				B1FFA3490906B1A30010DA99 /* Debug */,
				B1FFA34A0906B1A30010DA99 /* Release */,
			);
			defaultConfigurationIsVisible = 0;
			defaultConfigurationName = Release;
		};
		BE1352A30C3C14F400B20B60 /* Build configuration list for PBXNativeTarget "StereoView" */ = {
			isa = XCConfigurationList;
			buildConfigurations = (
				BE1352A40C3C14F400B20B60 /* Debug */,
				BE1352A50C3C14F400B20B60 /* Release */,
			);
			defaultConfigurationIsVisible = 0;
			defaultConfigurationName = Release;
		};
/* End XCConfigurationList section */
	};
	rootObject = 29B97313FDCFA39411CA2CEA /* Project object */;
}
